// !$*UTF8*$!
{
	archiveVersion = 1;
	classes = {
	};
	objectVersion = 50;
	objects = {

/* Begin PBXBuildFile section */
		07496D37254A8F7A000BD310 /* AppDelegate.swift in Sources */ = {isa = PBXBuildFile; fileRef = 07496D36254A8F7A000BD310 /* AppDelegate.swift */; };
		07496D39254A8F7A000BD310 /* SceneDelegate.swift in Sources */ = {isa = PBXBuildFile; fileRef = 07496D38254A8F7A000BD310 /* SceneDelegate.swift */; };
		07496D3B254A8F7A000BD310 /* ViewController.swift in Sources */ = {isa = PBXBuildFile; fileRef = 07496D3A254A8F7A000BD310 /* ViewController.swift */; };
		07496D3E254A8F7A000BD310 /* Main.storyboard in Resources */ = {isa = PBXBuildFile; fileRef = 07496D3C254A8F7A000BD310 /* Main.storyboard */; };
		07496D40254A8F7B000BD310 /* Assets.xcassets in Resources */ = {isa = PBXBuildFile; fileRef = 07496D3F254A8F7B000BD310 /* Assets.xcassets */; };
		07496D43254A8F7B000BD310 /* LaunchScreen.storyboard in Resources */ = {isa = PBXBuildFile; fileRef = 07496D41254A8F7B000BD310 /* LaunchScreen.storyboard */; };
		07496D4E254A8F7B000BD310 /* FreakMusicTests.swift in Sources */ = {isa = PBXBuildFile; fileRef = 07496D4D254A8F7B000BD310 /* FreakMusicTests.swift */; };
		07496D59254A8F7B000BD310 /* FreakMusicUITests.swift in Sources */ = {isa = PBXBuildFile; fileRef = 07496D58254A8F7B000BD310 /* FreakMusicUITests.swift */; };
		07496D6A254AC84E000BD310 /* DashboardVC.swift in Sources */ = {isa = PBXBuildFile; fileRef = 07496D69254AC84E000BD310 /* DashboardVC.swift */; };
		0784745B254EAAE100512528 /* TopCVCell.swift in Sources */ = {isa = PBXBuildFile; fileRef = 0784745A254EAAE100512528 /* TopCVCell.swift */; };
		07847464254ED43D00512528 /* AVFoundation.framework in Frameworks */ = {isa = PBXBuildFile; fileRef = 07847463254ED43D00512528 /* AVFoundation.framework */; };
		07847466254ED91000512528 /* song1.mp3 in Resources */ = {isa = PBXBuildFile; fileRef = 07847465254ED91000512528 /* song1.mp3 */; };
/* End PBXBuildFile section */

/* Begin PBXContainerItemProxy section */
		07496D4A254A8F7B000BD310 /* PBXContainerItemProxy */ = {
			isa = PBXContainerItemProxy;
			containerPortal = 07496D2B254A8F7A000BD310 /* Project object */;
			proxyType = 1;
			remoteGlobalIDString = 07496D32254A8F7A000BD310;
			remoteInfo = TestApp;
		};
		07496D55254A8F7B000BD310 /* PBXContainerItemProxy */ = {
			isa = PBXContainerItemProxy;
			containerPortal = 07496D2B254A8F7A000BD310 /* Project object */;
			proxyType = 1;
			remoteGlobalIDString = 07496D32254A8F7A000BD310;
			remoteInfo = TestApp;
		};
/* End PBXContainerItemProxy section */

/* Begin PBXFileReference section */
		07496D33254A8F7A000BD310 /* TestApp.app */ = {isa = PBXFileReference; explicitFileType = wrapper.application; includeInIndex = 0; path = TestApp.app; sourceTree = BUILT_PRODUCTS_DIR; };
		07496D36254A8F7A000BD310 /* AppDelegate.swift */ = {isa = PBXFileReference; lastKnownFileType = sourcecode.swift; path = AppDelegate.swift; sourceTree = "<group>"; };
		07496D38254A8F7A000BD310 /* SceneDelegate.swift */ = {isa = PBXFileReference; lastKnownFileType = sourcecode.swift; path = SceneDelegate.swift; sourceTree = "<group>"; };
		07496D3A254A8F7A000BD310 /* ViewController.swift */ = {isa = PBXFileReference; lastKnownFileType = sourcecode.swift; path = ViewController.swift; sourceTree = "<group>"; };
		07496D3D254A8F7A000BD310 /* Base */ = {isa = PBXFileReference; lastKnownFileType = file.storyboard; name = Base; path = Base.lproj/Main.storyboard; sourceTree = "<group>"; };
		07496D3F254A8F7B000BD310 /* Assets.xcassets */ = {isa = PBXFileReference; lastKnownFileType = folder.assetcatalog; path = Assets.xcassets; sourceTree = "<group>"; };
		07496D42254A8F7B000BD310 /* Base */ = {isa = PBXFileReference; lastKnownFileType = file.storyboard; name = Base; path = Base.lproj/LaunchScreen.storyboard; sourceTree = "<group>"; };
		07496D44254A8F7B000BD310 /* Info.plist */ = {isa = PBXFileReference; lastKnownFileType = text.plist.xml; path = Info.plist; sourceTree = "<group>"; };
		07496D49254A8F7B000BD310 /* TestAppTests.xctest */ = {isa = PBXFileReference; explicitFileType = wrapper.cfbundle; includeInIndex = 0; path = TestAppTests.xctest; sourceTree = BUILT_PRODUCTS_DIR; };
		07496D4D254A8F7B000BD310 /* FreakMusicTests.swift */ = {isa = PBXFileReference; lastKnownFileType = sourcecode.swift; path = FreakMusicTests.swift; sourceTree = "<group>"; };
		07496D4F254A8F7B000BD310 /* Info.plist */ = {isa = PBXFileReference; lastKnownFileType = text.plist.xml; path = Info.plist; sourceTree = "<group>"; };
		07496D54254A8F7B000BD310 /* TestAppUITests.xctest */ = {isa = PBXFileReference; explicitFileType = wrapper.cfbundle; includeInIndex = 0; path = TestAppUITests.xctest; sourceTree = BUILT_PRODUCTS_DIR; };
		07496D58254A8F7B000BD310 /* FreakMusicUITests.swift */ = {isa = PBXFileReference; lastKnownFileType = sourcecode.swift; path = FreakMusicUITests.swift; sourceTree = "<group>"; };
		07496D5A254A8F7B000BD310 /* Info.plist */ = {isa = PBXFileReference; lastKnownFileType = text.plist.xml; path = Info.plist; sourceTree = "<group>"; };
		07496D69254AC84E000BD310 /* DashboardVC.swift */ = {isa = PBXFileReference; lastKnownFileType = sourcecode.swift; path = DashboardVC.swift; sourceTree = "<group>"; };
		0784745A254EAAE100512528 /* TopCVCell.swift */ = {isa = PBXFileReference; lastKnownFileType = sourcecode.swift; path = TopCVCell.swift; sourceTree = "<group>"; };
		07847463254ED43D00512528 /* AVFoundation.framework */ = {isa = PBXFileReference; lastKnownFileType = wrapper.framework; name = AVFoundation.framework; path = System/Library/Frameworks/AVFoundation.framework; sourceTree = SDKROOT; };
		07847465254ED91000512528 /* song1.mp3 */ = {isa = PBXFileReference; lastKnownFileType = audio.mp3; path = song1.mp3; sourceTree = "<group>"; };
/* End PBXFileReference section */

/* Begin PBXFrameworksBuildPhase section */
		07496D30254A8F7A000BD310 /* Frameworks */ = {
			isa = PBXFrameworksBuildPhase;
			buildActionMask = 2147483647;
			files = (
				07847464254ED43D00512528 /* AVFoundation.framework in Frameworks */,
			);
			runOnlyForDeploymentPostprocessing = 0;
		};
		07496D46254A8F7B000BD310 /* Frameworks */ = {
			isa = PBXFrameworksBuildPhase;
			buildActionMask = 2147483647;
			files = (
			);
			runOnlyForDeploymentPostprocessing = 0;
		};
		07496D51254A8F7B000BD310 /* Frameworks */ = {
			isa = PBXFrameworksBuildPhase;
			buildActionMask = 2147483647;
			files = (
			);
			runOnlyForDeploymentPostprocessing = 0;
		};
/* End PBXFrameworksBuildPhase section */

/* Begin PBXGroup section */
		07496D2A254A8F7A000BD310 = {
			isa = PBXGroup;
			children = (
				07496D35254A8F7A000BD310 /* FreakMusic */,
				07496D4C254A8F7B000BD310 /* FreakMusicTests */,
				07496D57254A8F7B000BD310 /* FreakMusicUITests */,
				07496D34254A8F7A000BD310 /* Products */,
				07847462254ED43D00512528 /* Frameworks */,
			);
			sourceTree = "<group>";
		};
		07496D34254A8F7A000BD310 /* Products */ = {
			isa = PBXGroup;
			children = (
				07496D33254A8F7A000BD310 /* TestApp.app */,
				07496D49254A8F7B000BD310 /* TestAppTests.xctest */,
				07496D54254A8F7B000BD310 /* TestAppUITests.xctest */,
			);
			name = Products;
			sourceTree = "<group>";
		};
		07496D35254A8F7A000BD310 /* FreakMusic */ = {
			isa = PBXGroup;
			children = (
				07496D36254A8F7A000BD310 /* AppDelegate.swift */,
				07496D38254A8F7A000BD310 /* SceneDelegate.swift */,
				07496D3A254A8F7A000BD310 /* ViewController.swift */,
				07496D69254AC84E000BD310 /* DashboardVC.swift */,
				0784745A254EAAE100512528 /* TopCVCell.swift */,
				07496D3C254A8F7A000BD310 /* Main.storyboard */,
				07496D3F254A8F7B000BD310 /* Assets.xcassets */,
				07496D41254A8F7B000BD310 /* LaunchScreen.storyboard */,
				07496D44254A8F7B000BD310 /* Info.plist */,
				07847465254ED91000512528 /* song1.mp3 */,
			);
			path = FreakMusic;
			sourceTree = "<group>";
		};
		07496D4C254A8F7B000BD310 /* FreakMusicTests */ = {
			isa = PBXGroup;
			children = (
				07496D4D254A8F7B000BD310 /* FreakMusicTests.swift */,
				07496D4F254A8F7B000BD310 /* Info.plist */,
			);
			path = FreakMusicTests;
			sourceTree = "<group>";
		};
		07496D57254A8F7B000BD310 /* FreakMusicUITests */ = {
			isa = PBXGroup;
			children = (
				07496D58254A8F7B000BD310 /* FreakMusicUITests.swift */,
				07496D5A254A8F7B000BD310 /* Info.plist */,
			);
			path = FreakMusicUITests;
			sourceTree = "<group>";
		};
		07847462254ED43D00512528 /* Frameworks */ = {
			isa = PBXGroup;
			children = (
				07847463254ED43D00512528 /* AVFoundation.framework */,
			);
			name = Frameworks;
			sourceTree = "<group>";
		};
/* End PBXGroup section */

/* Begin PBXNativeTarget section */
		07496D32254A8F7A000BD310 /* TestApp */ = {
			isa = PBXNativeTarget;
			buildConfigurationList = 07496D5D254A8F7B000BD310 /* Build configuration list for PBXNativeTarget "TestApp" */;
			buildPhases = (
				07496D2F254A8F7A000BD310 /* Sources */,
				07496D30254A8F7A000BD310 /* Frameworks */,
				07496D31254A8F7A000BD310 /* Resources */,
			);
			buildRules = (
			);
			dependencies = (
			);
			name = TestApp;
			productName = TestApp;
			productReference = 07496D33254A8F7A000BD310 /* TestApp.app */;
			productType = "com.apple.product-type.application";
		};
		07496D48254A8F7B000BD310 /* TestAppTests */ = {
			isa = PBXNativeTarget;
			buildConfigurationList = 07496D60254A8F7B000BD310 /* Build configuration list for PBXNativeTarget "TestAppTests" */;
			buildPhases = (
				07496D45254A8F7B000BD310 /* Sources */,
				07496D46254A8F7B000BD310 /* Frameworks */,
				07496D47254A8F7B000BD310 /* Resources */,
			);
			buildRules = (
			);
			dependencies = (
				07496D4B254A8F7B000BD310 /* PBXTargetDependency */,
			);
			name = TestAppTests;
			productName = TestAppTests;
			productReference = 07496D49254A8F7B000BD310 /* TestAppTests.xctest */;
			productType = "com.apple.product-type.bundle.unit-test";
		};
		07496D53254A8F7B000BD310 /* TestAppUITests */ = {
			isa = PBXNativeTarget;
			buildConfigurationList = 07496D63254A8F7B000BD310 /* Build configuration list for PBXNativeTarget "TestAppUITests" */;
			buildPhases = (
				07496D50254A8F7B000BD310 /* Sources */,
				07496D51254A8F7B000BD310 /* Frameworks */,
				07496D52254A8F7B000BD310 /* Resources */,
			);
			buildRules = (
			);
			dependencies = (
				07496D56254A8F7B000BD310 /* PBXTargetDependency */,
			);
			name = TestAppUITests;
			productName = TestAppUITests;
			productReference = 07496D54254A8F7B000BD310 /* TestAppUITests.xctest */;
			productType = "com.apple.product-type.bundle.ui-testing";
		};
/* End PBXNativeTarget section */

/* Begin PBXProject section */
		07496D2B254A8F7A000BD310 /* Project object */ = {
			isa = PBXProject;
			attributes = {
				LastSwiftUpdateCheck = 1210;
				LastUpgradeCheck = 1210;
				TargetAttributes = {
					07496D32254A8F7A000BD310 = {
						CreatedOnToolsVersion = 12.1;
					};
					07496D48254A8F7B000BD310 = {
						CreatedOnToolsVersion = 12.1;
						TestTargetID = 07496D32254A8F7A000BD310;
					};
					07496D53254A8F7B000BD310 = {
						CreatedOnToolsVersion = 12.1;
						TestTargetID = 07496D32254A8F7A000BD310;
					};
				};
			};
			buildConfigurationList = 07496D2E254A8F7A000BD310 /* Build configuration list for PBXProject "FreakMusic" */;
			compatibilityVersion = "Xcode 9.3";
			developmentRegion = en;
			hasScannedForEncodings = 0;
			knownRegions = (
				en,
				Base,
			);
			mainGroup = 07496D2A254A8F7A000BD310;
			productRefGroup = 07496D34254A8F7A000BD310 /* Products */;
			projectDirPath = "";
			projectRoot = "";
			targets = (
				07496D32254A8F7A000BD310 /* TestApp */,
				07496D48254A8F7B000BD310 /* TestAppTests */,
				07496D53254A8F7B000BD310 /* TestAppUITests */,
			);
		};
/* End PBXProject section */

/* Begin PBXResourcesBuildPhase section */
		07496D31254A8F7A000BD310 /* Resources */ = {
			isa = PBXResourcesBuildPhase;
			buildActionMask = 2147483647;
			files = (
				07496D43254A8F7B000BD310 /* LaunchScreen.storyboard in Resources */,
				07496D40254A8F7B000BD310 /* Assets.xcassets in Resources */,
				07496D3E254A8F7A000BD310 /* Main.storyboard in Resources */,
				07847466254ED91000512528 /* song1.mp3 in Resources */,
			);
			runOnlyForDeploymentPostprocessing = 0;
		};
		07496D47254A8F7B000BD310 /* Resources */ = {
			isa = PBXResourcesBuildPhase;
			buildActionMask = 2147483647;
			files = (
			);
			runOnlyForDeploymentPostprocessing = 0;
		};
		07496D52254A8F7B000BD310 /* Resources */ = {
			isa = PBXResourcesBuildPhase;
			buildActionMask = 2147483647;
			files = (
			);
			runOnlyForDeploymentPostprocessing = 0;
		};
/* End PBXResourcesBuildPhase section */

/* Begin PBXSourcesBuildPhase section */
		07496D2F254A8F7A000BD310 /* Sources */ = {
			isa = PBXSourcesBuildPhase;
			buildActionMask = 2147483647;
			files = (
				07496D3B254A8F7A000BD310 /* ViewController.swift in Sources */,
				07496D6A254AC84E000BD310 /* DashboardVC.swift in Sources */,
				07496D37254A8F7A000BD310 /* AppDelegate.swift in Sources */,
				07496D39254A8F7A000BD310 /* SceneDelegate.swift in Sources */,
				0784745B254EAAE100512528 /* TopCVCell.swift in Sources */,
			);
			runOnlyForDeploymentPostprocessing = 0;
		};
		07496D45254A8F7B000BD310 /* Sources */ = {
			isa = PBXSourcesBuildPhase;
			buildActionMask = 2147483647;
			files = (
				07496D4E254A8F7B000BD310 /* FreakMusicTests.swift in Sources */,
			);
			runOnlyForDeploymentPostprocessing = 0;
		};
		07496D50254A8F7B000BD310 /* Sources */ = {
			isa = PBXSourcesBuildPhase;
			buildActionMask = 2147483647;
			files = (
				07496D59254A8F7B000BD310 /* FreakMusicUITests.swift in Sources */,
			);
			runOnlyForDeploymentPostprocessing = 0;
		};
/* End PBXSourcesBuildPhase section */

/* Begin PBXTargetDependency section */
		07496D4B254A8F7B000BD310 /* PBXTargetDependency */ = {
			isa = PBXTargetDependency;
			target = 07496D32254A8F7A000BD310 /* TestApp */;
			targetProxy = 07496D4A254A8F7B000BD310 /* PBXContainerItemProxy */;
		};
		07496D56254A8F7B000BD310 /* PBXTargetDependency */ = {
			isa = PBXTargetDependency;
			target = 07496D32254A8F7A000BD310 /* TestApp */;
			targetProxy = 07496D55254A8F7B000BD310 /* PBXContainerItemProxy */;
		};
/* End PBXTargetDependency section */

/* Begin PBXVariantGroup section */
		07496D3C254A8F7A000BD310 /* Main.storyboard */ = {
			isa = PBXVariantGroup;
			children = (
				07496D3D254A8F7A000BD310 /* Base */,
			);
			name = Main.storyboard;
			sourceTree = "<group>";
		};
		07496D41254A8F7B000BD310 /* LaunchScreen.storyboard */ = {
			isa = PBXVariantGroup;
			children = (
				07496D42254A8F7B000BD310 /* Base */,
			);
			name = LaunchScreen.storyboard;
			sourceTree = "<group>";
		};
/* End PBXVariantGroup section */

/* Begin XCBuildConfiguration section */
		07496D5B254A8F7B000BD310 /* Debug */ = {
			isa = XCBuildConfiguration;
			buildSettings = {
				ALWAYS_SEARCH_USER_PATHS = NO;
				CLANG_ANALYZER_NONNULL = YES;
				CLANG_ANALYZER_NUMBER_OBJECT_CONVERSION = YES_AGGRESSIVE;
				CLANG_CXX_LANGUAGE_STANDARD = "gnu++14";
				CLANG_CXX_LIBRARY = "libc++";
				CLANG_ENABLE_MODULES = YES;
				CLANG_ENABLE_OBJC_ARC = YES;
				CLANG_ENABLE_OBJC_WEAK = YES;
				CLANG_WARN_BLOCK_CAPTURE_AUTORELEASING = YES;
				CLANG_WARN_BOOL_CONVERSION = YES;
				CLANG_WARN_COMMA = YES;
				CLANG_WARN_CONSTANT_CONVERSION = YES;
				CLANG_WARN_DEPRECATED_OBJC_IMPLEMENTATIONS = YES;
				CLANG_WARN_DIRECT_OBJC_ISA_USAGE = YES_ERROR;
				CLANG_WARN_DOCUMENTATION_COMMENTS = YES;
				CLANG_WARN_EMPTY_BODY = YES;
				CLANG_WARN_ENUM_CONVERSION = YES;
				CLANG_WARN_INFINITE_RECURSION = YES;
				CLANG_WARN_INT_CONVERSION = YES;
				CLANG_WARN_NON_LITERAL_NULL_CONVERSION = YES;
				CLANG_WARN_OBJC_IMPLICIT_RETAIN_SELF = YES;
				CLANG_WARN_OBJC_LITERAL_CONVERSION = YES;
				CLANG_WARN_OBJC_ROOT_CLASS = YES_ERROR;
				CLANG_WARN_QUOTED_INCLUDE_IN_FRAMEWORK_HEADER = YES;
				CLANG_WARN_RANGE_LOOP_ANALYSIS = YES;
				CLANG_WARN_STRICT_PROTOTYPES = YES;
				CLANG_WARN_SUSPICIOUS_MOVE = YES;
				CLANG_WARN_UNGUARDED_AVAILABILITY = YES_AGGRESSIVE;
				CLANG_WARN_UNREACHABLE_CODE = YES;
				CLANG_WARN__DUPLICATE_METHOD_MATCH = YES;
				COPY_PHASE_STRIP = NO;
				DEBUG_INFORMATION_FORMAT = dwarf;
				ENABLE_STRICT_OBJC_MSGSEND = YES;
				ENABLE_TESTABILITY = YES;
				GCC_C_LANGUAGE_STANDARD = gnu11;
				GCC_DYNAMIC_NO_PIC = NO;
				GCC_NO_COMMON_BLOCKS = YES;
				GCC_OPTIMIZATION_LEVEL = 0;
				GCC_PREPROCESSOR_DEFINITIONS = (
					"DEBUG=1",
					"$(inherited)",
				);
				GCC_WARN_64_TO_32_BIT_CONVERSION = YES;
				GCC_WARN_ABOUT_RETURN_TYPE = YES_ERROR;
				GCC_WARN_UNDECLARED_SELECTOR = YES;
				GCC_WARN_UNINITIALIZED_AUTOS = YES_AGGRESSIVE;
				GCC_WARN_UNUSED_FUNCTION = YES;
				GCC_WARN_UNUSED_VARIABLE = YES;
				IPHONEOS_DEPLOYMENT_TARGET = 14.1;
				MTL_ENABLE_DEBUG_INFO = INCLUDE_SOURCE;
				MTL_FAST_MATH = YES;
				ONLY_ACTIVE_ARCH = YES;
				SDKROOT = iphoneos;
				SWIFT_ACTIVE_COMPILATION_CONDITIONS = DEBUG;
				SWIFT_OPTIMIZATION_LEVEL = "-Onone";
			};
			name = Debug;
		};
		07496D5C254A8F7B000BD310 /* Release */ = {
			isa = XCBuildConfiguration;
			buildSettings = {
				ALWAYS_SEARCH_USER_PATHS = NO;
				CLANG_ANALYZER_NONNULL = YES;
				CLANG_ANALYZER_NUMBER_OBJECT_CONVERSION = YES_AGGRESSIVE;
				CLANG_CXX_LANGUAGE_STANDARD = "gnu++14";
				CLANG_CXX_LIBRARY = "libc++";
				CLANG_ENABLE_MODULES = YES;
				CLANG_ENABLE_OBJC_ARC = YES;
				CLANG_ENABLE_OBJC_WEAK = YES;
				CLANG_WARN_BLOCK_CAPTURE_AUTORELEASING = YES;
				CLANG_WARN_BOOL_CONVERSION = YES;
				CLANG_WARN_COMMA = YES;
				CLANG_WARN_CONSTANT_CONVERSION = YES;
				CLANG_WARN_DEPRECATED_OBJC_IMPLEMENTATIONS = YES;
				CLANG_WARN_DIRECT_OBJC_ISA_USAGE = YES_ERROR;
				CLANG_WARN_DOCUMENTATION_COMMENTS = YES;
				CLANG_WARN_EMPTY_BODY = YES;
				CLANG_WARN_ENUM_CONVERSION = YES;
				CLANG_WARN_INFINITE_RECURSION = YES;
				CLANG_WARN_INT_CONVERSION = YES;
				CLANG_WARN_NON_LITERAL_NULL_CONVERSION = YES;
				CLANG_WARN_OBJC_IMPLICIT_RETAIN_SELF = YES;
				CLANG_WARN_OBJC_LITERAL_CONVERSION = YES;
				CLANG_WARN_OBJC_ROOT_CLASS = YES_ERROR;
				CLANG_WARN_QUOTED_INCLUDE_IN_FRAMEWORK_HEADER = YES;
				CLANG_WARN_RANGE_LOOP_ANALYSIS = YES;
				CLANG_WARN_STRICT_PROTOTYPES = YES;
				CLANG_WARN_SUSPICIOUS_MOVE = YES;
				CLANG_WARN_UNGUARDED_AVAILABILITY = YES_AGGRESSIVE;
				CLANG_WARN_UNREACHABLE_CODE = YES;
				CLANG_WARN__DUPLICATE_METHOD_MATCH = YES;
				COPY_PHASE_STRIP = NO;
				DEBUG_INFORMATION_FORMAT = "dwarf-with-dsym";
				ENABLE_NS_ASSERTIONS = NO;
				ENABLE_STRICT_OBJC_MSGSEND = YES;
				GCC_C_LANGUAGE_STANDARD = gnu11;
				GCC_NO_COMMON_BLOCKS = YES;
				GCC_WARN_64_TO_32_BIT_CONVERSION = YES;
				GCC_WARN_ABOUT_RETURN_TYPE = YES_ERROR;
				GCC_WARN_UNDECLARED_SELECTOR = YES;
				GCC_WARN_UNINITIALIZED_AUTOS = YES_AGGRESSIVE;
				GCC_WARN_UNUSED_FUNCTION = YES;
				GCC_WARN_UNUSED_VARIABLE = YES;
				IPHONEOS_DEPLOYMENT_TARGET = 14.1;
				MTL_ENABLE_DEBUG_INFO = NO;
				MTL_FAST_MATH = YES;
				SDKROOT = iphoneos;
				SWIFT_COMPILATION_MODE = wholemodule;
				SWIFT_OPTIMIZATION_LEVEL = "-O";
				VALIDATE_PRODUCT = YES;
			};
			name = Release;
		};
		07496D5E254A8F7B000BD310 /* Debug */ = {
			isa = XCBuildConfiguration;
			buildSettings = {
				ASSETCATALOG_COMPILER_APPICON_NAME = AppIcon;
				ASSETCATALOG_COMPILER_GLOBAL_ACCENT_COLOR_NAME = AccentColor;
				CODE_SIGN_STYLE = Automatic;
				DEVELOPMENT_TEAM = UXY7GXJWTF;
				INFOPLIST_FILE = "$(SRCROOT)/FreakMusic/Info.plist";
				LD_RUNPATH_SEARCH_PATHS = (
					"$(inherited)",
					"@executable_path/Frameworks",
				);
				PRODUCT_BUNDLE_IDENTIFIER = ASTHA.FreakMusic;
				PRODUCT_NAME = "$(TARGET_NAME)";
				SWIFT_VERSION = 5.0;
				TARGETED_DEVICE_FAMILY = "1,2";
			};
			name = Debug;
		};
		07496D5F254A8F7B000BD310 /* Release */ = {
			isa = XCBuildConfiguration;
			buildSettings = {
				ASSETCATALOG_COMPILER_APPICON_NAME = AppIcon;
				ASSETCATALOG_COMPILER_GLOBAL_ACCENT_COLOR_NAME = AccentColor;
				CODE_SIGN_STYLE = Automatic;
				DEVELOPMENT_TEAM = UXY7GXJWTF;
				INFOPLIST_FILE = "$(SRCROOT)/FreakMusic/Info.plist";
				LD_RUNPATH_SEARCH_PATHS = (
					"$(inherited)",
					"@executable_path/Frameworks",
				);
				PRODUCT_BUNDLE_IDENTIFIER = ASTHA.FreakMusic;
				PRODUCT_NAME = "$(TARGET_NAME)";
				SWIFT_VERSION = 5.0;
				TARGETED_DEVICE_FAMILY = "1,2";
			};
			name = Release;
		};
		07496D61254A8F7B000BD310 /* Debug */ = {
			isa = XCBuildConfiguration;
			buildSettings = {
				ALWAYS_EMBED_SWIFT_STANDARD_LIBRARIES = YES;
				BUNDLE_LOADER = "$(TEST_HOST)";
				CODE_SIGN_STYLE = Automatic;
				DEVELOPMENT_TEAM = UXY7GXJWTF;
				INFOPLIST_FILE = TestAppTests/Info.plist;
				IPHONEOS_DEPLOYMENT_TARGET = 14.1;
				LD_RUNPATH_SEARCH_PATHS = (
					"$(inherited)",
					"@executable_path/Frameworks",
					"@loader_path/Frameworks",
				);
				PRODUCT_BUNDLE_IDENTIFIER = ASTHA.TestAppTests;
				PRODUCT_NAME = "$(TARGET_NAME)";
				SWIFT_VERSION = 5.0;
				TARGETED_DEVICE_FAMILY = "1,2";
				TEST_HOST = "$(BUILT_PRODUCTS_DIR)/TestApp.app/TestApp";
			};
			name = Debug;
		};
		07496D62254A8F7B000BD310 /* Release */ = {
			isa = XCBuildConfiguration;
			buildSettings = {
				ALWAYS_EMBED_SWIFT_STANDARD_LIBRARIES = YES;
				BUNDLE_LOADER = "$(TEST_HOST)";
				CODE_SIGN_STYLE = Automatic;
				DEVELOPMENT_TEAM = UXY7GXJWTF;
				INFOPLIST_FILE = TestAppTests/Info.plist;
				IPHONEOS_DEPLOYMENT_TARGET = 14.1;
				LD_RUNPATH_SEARCH_PATHS = (
					"$(inherited)",
					"@executable_path/Frameworks",
					"@loader_path/Frameworks",
				);
				PRODUCT_BUNDLE_IDENTIFIER = ASTHA.TestAppTests;
				PRODUCT_NAME = "$(TARGET_NAME)";
				SWIFT_VERSION = 5.0;
				TARGETED_DEVICE_FAMILY = "1,2";
				TEST_HOST = "$(BUILT_PRODUCTS_DIR)/TestApp.app/TestApp";
			};
			name = Release;
		};
		07496D64254A8F7B000BD310 /* Debug */ = {
			isa = XCBuildConfiguration;
			buildSettings = {
				ALWAYS_EMBED_SWIFT_STANDARD_LIBRARIES = YES;
				CODE_SIGN_STYLE = Automatic;
				DEVELOPMENT_TEAM = UXY7GXJWTF;
				INFOPLIST_FILE = TestAppUITests/Info.plist;
				LD_RUNPATH_SEARCH_PATHS = (
					"$(inherited)",
					"@executable_path/Frameworks",
					"@loader_path/Frameworks",
				);
				PRODUCT_BUNDLE_IDENTIFIER = ASTHA.TestAppUITests;
				PRODUCT_NAME = "$(TARGET_NAME)";
				SWIFT_VERSION = 5.0;
				TARGETED_DEVICE_FAMILY = "1,2";
				TEST_TARGET_NAME = TestApp;
			};
			name = Debug;
		};
		07496D65254A8F7B000BD310 /* Release */ = {
			isa = XCBuildConfiguration;
			buildSettings = {
				ALWAYS_EMBED_SWIFT_STANDARD_LIBRARIES = YES;
				CODE_SIGN_STYLE = Automatic;
				DEVELOPMENT_TEAM = UXY7GXJWTF;
				INFOPLIST_FILE = TestAppUITests/Info.plist;
				LD_RUNPATH_SEARCH_PATHS = (
					"$(inherited)",
					"@executable_path/Frameworks",
					"@loader_path/Frameworks",
				);
				PRODUCT_BUNDLE_IDENTIFIER = ASTHA.TestAppUITests;
				PRODUCT_NAME = "$(TARGET_NAME)";
				SWIFT_VERSION = 5.0;
				TARGETED_DEVICE_FAMILY = "1,2";
				TEST_TARGET_NAME = TestApp;
			};
			name = Release;
		};
/* End XCBuildConfiguration section */

/* Begin XCConfigurationList section */
		07496D2E254A8F7A000BD310 /* Build configuration list for PBXProject "FreakMusic" */ = {
			isa = XCConfigurationList;
			buildConfigurations = (
				07496D5B254A8F7B000BD310 /* Debug */,
				07496D5C254A8F7B000BD310 /* Release */,
			);
			defaultConfigurationIsVisible = 0;
			defaultConfigurationName = Release;
		};
		07496D5D254A8F7B000BD310 /* Build configuration list for PBXNativeTarget "TestApp" */ = {
			isa = XCConfigurationList;
			buildConfigurations = (
				07496D5E254A8F7B000BD310 /* Debug */,
				07496D5F254A8F7B000BD310 /* Release */,
			);
			defaultConfigurationIsVisible = 0;
			defaultConfigurationName = Release;
		};
		07496D60254A8F7B000BD310 /* Build configuration list for PBXNativeTarget "TestAppTests" */ = {
			isa = XCConfigurationList;
			buildConfigurations = (
				07496D61254A8F7B000BD310 /* Debug */,
				07496D62254A8F7B000BD310 /* Release */,
			);
			defaultConfigurationIsVisible = 0;
			defaultConfigurationName = Release;
		};
		07496D63254A8F7B000BD310 /* Build configuration list for PBXNativeTarget "TestAppUITests" */ = {
			isa = XCConfigurationList;
			buildConfigurations = (
				07496D64254A8F7B000BD310 /* Debug */,
				07496D65254A8F7B000BD310 /* Release */,
			);
			defaultConfigurationIsVisible = 0;
			defaultConfigurationName = Release;
		};
/* End XCConfigurationList section */
	};
	rootObject = 07496D2B254A8F7A000BD310 /* Project object */;
}
